
Microsoft Visual Studio Solution File, Format Version 12.00
# Visual Studio Version 17
VisualStudioVersion = 17.7.34031.279
MinimumVisualStudioVersion = 10.0.40219.1
Project("{FAE04EC0-301F-11D3-BF4B-00C04F79EFBC}") = "08_Casino_Spieler", "08_Casino_Spieler\08_Casino_Spieler.csproj", "{AE3C5A0D-5457-4069-8699-31A7A2EEBFD3}"
EndProject
Global
	GlobalSection(SolutionConfigurationPlatforms) = preSolution
		Debug|Any CPU = Debug|Any CPU
		Release|Any CPU = Release|Any CPU
	EndGlobalSection
	GlobalSection(ProjectConfigurationPlatforms) = postSolution
		{AE3C5A0D-5457-4069-8699-31A7A2EEBFD3}.Debug|Any CPU.ActiveCfg = Debug|Any CPU
		{AE3C5A0D-5457-4069-8699-31A7A2EEBFD3}.Debug|Any CPU.Build.0 = Debug|Any CPU
		{AE3C5A0D-5457-4069-8699-31A7A2EEBFD3}.Release|Any CPU.ActiveCfg = Release|Any CPU
		{AE3C5A0D-5457-4069-8699-31A7A2EEBFD3}.Release|Any CPU.Build.0 = Release|Any CPU
	EndGlobalSection
	GlobalSection(SolutionProperties) = preSolution
		HideSolutionNode = FALSE
	EndGlobalSection
	GlobalSection(ExtensibilityGlobals) = postSolution
		SolutionGuid = {4FFAFF36-4C85-47DE-ADFB-0AB3F4D24530}
	EndGlobalSection
EndGlobal
