
Microsoft Visual Studio Solution File, Format Version 12.00
# Visual Studio Version 17
VisualStudioVersion = 17.9.34728.123
MinimumVisualStudioVersion = 10.0.40219.1
Project("{FAE04EC0-301F-11D3-BF4B-00C04F79EFBC}") = "2_Vererbung_Methoden_new", "2_Vererbung_Methoden_new\2_Vererbung_Methoden_new.csproj", "{37981980-FA92-476C-AA4B-5982251AB8E6}"
EndProject
Global
	GlobalSection(SolutionConfigurationPlatforms) = preSolution
		Debug|Any CPU = Debug|Any CPU
		Release|Any CPU = Release|Any CPU
	EndGlobalSection
	GlobalSection(ProjectConfigurationPlatforms) = postSolution
		{37981980-FA92-476C-AA4B-5982251AB8E6}.Debug|Any CPU.ActiveCfg = Debug|Any CPU
		{37981980-FA92-476C-AA4B-5982251AB8E6}.Debug|Any CPU.Build.0 = Debug|Any CPU
		{37981980-FA92-476C-AA4B-5982251AB8E6}.Release|Any CPU.ActiveCfg = Release|Any CPU
		{37981980-FA92-476C-AA4B-5982251AB8E6}.Release|Any CPU.Build.0 = Release|Any CPU
	EndGlobalSection
	GlobalSection(SolutionProperties) = preSolution
		HideSolutionNode = FALSE
	EndGlobalSection
	GlobalSection(ExtensibilityGlobals) = postSolution
		SolutionGuid = {38580ADA-C91A-4AAB-8BFA-55BB1B3ED5D4}
	EndGlobalSection
EndGlobal
