
Microsoft Visual Studio Solution File, Format Version 12.00
# Visual Studio Version 17
VisualStudioVersion = 17.9.34728.123
MinimumVisualStudioVersion = 10.0.40219.1
Project("{FAE04EC0-301F-11D3-BF4B-00C04F79EFBC}") = "3_Vererbung_Methode_abstrakt", "3_Vererbung_Methode_abstrakt\3_Vererbung_Methode_abstrakt.csproj", "{5D039975-2D3F-4522-B6C6-BDC9F39305C4}"
EndProject
Global
	GlobalSection(SolutionConfigurationPlatforms) = preSolution
		Debug|Any CPU = Debug|Any CPU
		Release|Any CPU = Release|Any CPU
	EndGlobalSection
	GlobalSection(ProjectConfigurationPlatforms) = postSolution
		{5D039975-2D3F-4522-B6C6-BDC9F39305C4}.Debug|Any CPU.ActiveCfg = Debug|Any CPU
		{5D039975-2D3F-4522-B6C6-BDC9F39305C4}.Debug|Any CPU.Build.0 = Debug|Any CPU
		{5D039975-2D3F-4522-B6C6-BDC9F39305C4}.Release|Any CPU.ActiveCfg = Release|Any CPU
		{5D039975-2D3F-4522-B6C6-BDC9F39305C4}.Release|Any CPU.Build.0 = Release|Any CPU
	EndGlobalSection
	GlobalSection(SolutionProperties) = preSolution
		HideSolutionNode = FALSE
	EndGlobalSection
	GlobalSection(ExtensibilityGlobals) = postSolution
		SolutionGuid = {32F596D3-CD95-46F3-BDAC-99318D6B5E69}
	EndGlobalSection
EndGlobal
