
Microsoft Visual Studio Solution File, Format Version 12.00
# Visual Studio Version 17
VisualStudioVersion = 17.9.34728.123
MinimumVisualStudioVersion = 10.0.40219.1
Project("{FAE04EC0-301F-11D3-BF4B-00C04F79EFBC}") = "4_Vererbung_Methode_Virtual", "4_Vererbung_Methode_Virtual\4_Vererbung_Methode_Virtual.csproj", "{02278876-E008-42A4-B696-0AE1C8F7C2EA}"
EndProject
Global
	GlobalSection(SolutionConfigurationPlatforms) = preSolution
		Debug|Any CPU = Debug|Any CPU
		Release|Any CPU = Release|Any CPU
	EndGlobalSection
	GlobalSection(ProjectConfigurationPlatforms) = postSolution
		{02278876-E008-42A4-B696-0AE1C8F7C2EA}.Debug|Any CPU.ActiveCfg = Debug|Any CPU
		{02278876-E008-42A4-B696-0AE1C8F7C2EA}.Debug|Any CPU.Build.0 = Debug|Any CPU
		{02278876-E008-42A4-B696-0AE1C8F7C2EA}.Release|Any CPU.ActiveCfg = Release|Any CPU
		{02278876-E008-42A4-B696-0AE1C8F7C2EA}.Release|Any CPU.Build.0 = Release|Any CPU
	EndGlobalSection
	GlobalSection(SolutionProperties) = preSolution
		HideSolutionNode = FALSE
	EndGlobalSection
	GlobalSection(ExtensibilityGlobals) = postSolution
		SolutionGuid = {7691EA93-4559-457D-89EA-55902875B929}
	EndGlobalSection
EndGlobal
