
Microsoft Visual Studio Solution File, Format Version 12.00
# Visual Studio Version 17
VisualStudioVersion = 17.7.34031.279
MinimumVisualStudioVersion = 10.0.40219.1
Project("{FAE04EC0-301F-11D3-BF4B-00C04F79EFBC}") = "07_Konstruktor_mit_Parameterliste", "07_Konstruktor_mit_Parameterliste\07_Konstruktor_mit_Parameterliste.csproj", "{0C2610CE-A915-46D8-8A6B-A30F26B20786}"
EndProject
Global
	GlobalSection(SolutionConfigurationPlatforms) = preSolution
		Debug|Any CPU = Debug|Any CPU
		Release|Any CPU = Release|Any CPU
	EndGlobalSection
	GlobalSection(ProjectConfigurationPlatforms) = postSolution
		{0C2610CE-A915-46D8-8A6B-A30F26B20786}.Debug|Any CPU.ActiveCfg = Debug|Any CPU
		{0C2610CE-A915-46D8-8A6B-A30F26B20786}.Debug|Any CPU.Build.0 = Debug|Any CPU
		{0C2610CE-A915-46D8-8A6B-A30F26B20786}.Release|Any CPU.ActiveCfg = Release|Any CPU
		{0C2610CE-A915-46D8-8A6B-A30F26B20786}.Release|Any CPU.Build.0 = Release|Any CPU
	EndGlobalSection
	GlobalSection(SolutionProperties) = preSolution
		HideSolutionNode = FALSE
	EndGlobalSection
	GlobalSection(ExtensibilityGlobals) = postSolution
		SolutionGuid = {5E050E2A-FDF6-42BE-A725-25045D87F4AD}
	EndGlobalSection
EndGlobal
