
Microsoft Visual Studio Solution File, Format Version 12.00
# Visual Studio Version 17
VisualStudioVersion = 17.7.34031.279
MinimumVisualStudioVersion = 10.0.40219.1
Project("{FAE04EC0-301F-11D3-BF4B-00C04F79EFBC}") = "03_Spieler_Registrierung_oder_Anmeldung", "03_Spieler_Registrierung_oder_Anmeldung\03_Spieler_Registrierung_oder_Anmeldung.csproj", "{5F29335C-738E-489D-AC6D-A781F497AFD6}"
EndProject
Global
	GlobalSection(SolutionConfigurationPlatforms) = preSolution
		Debug|Any CPU = Debug|Any CPU
		Release|Any CPU = Release|Any CPU
	EndGlobalSection
	GlobalSection(ProjectConfigurationPlatforms) = postSolution
		{5F29335C-738E-489D-AC6D-A781F497AFD6}.Debug|Any CPU.ActiveCfg = Debug|Any CPU
		{5F29335C-738E-489D-AC6D-A781F497AFD6}.Debug|Any CPU.Build.0 = Debug|Any CPU
		{5F29335C-738E-489D-AC6D-A781F497AFD6}.Release|Any CPU.ActiveCfg = Release|Any CPU
		{5F29335C-738E-489D-AC6D-A781F497AFD6}.Release|Any CPU.Build.0 = Release|Any CPU
	EndGlobalSection
	GlobalSection(SolutionProperties) = preSolution
		HideSolutionNode = FALSE
	EndGlobalSection
	GlobalSection(ExtensibilityGlobals) = postSolution
		SolutionGuid = {FBCF6C21-92D8-49B3-B407-248A6D796AF4}
	EndGlobalSection
EndGlobal
