
Microsoft Visual Studio Solution File, Format Version 12.00
# Visual Studio Version 17
VisualStudioVersion = 17.0.31912.275
MinimumVisualStudioVersion = 10.0.40219.1
Project("{8BC9CEB8-8B4A-11D0-8D11-00A0C91BC942}") = "10_Datentypumwandlung", "10_Datentypumwandlung\10_Datentypumwandlung.vcxproj", "{9FDD5C9E-42B3-4D0F-BB18-9D26DE674B8D}"
EndProject
Global
	GlobalSection(SolutionConfigurationPlatforms) = preSolution
		Debug|x64 = Debug|x64
		Debug|x86 = Debug|x86
		Release|x64 = Release|x64
		Release|x86 = Release|x86
	EndGlobalSection
	GlobalSection(ProjectConfigurationPlatforms) = postSolution
		{9FDD5C9E-42B3-4D0F-BB18-9D26DE674B8D}.Debug|x64.ActiveCfg = Debug|x64
		{9FDD5C9E-42B3-4D0F-BB18-9D26DE674B8D}.Debug|x64.Build.0 = Debug|x64
		{9FDD5C9E-42B3-4D0F-BB18-9D26DE674B8D}.Debug|x86.ActiveCfg = Debug|Win32
		{9FDD5C9E-42B3-4D0F-BB18-9D26DE674B8D}.Debug|x86.Build.0 = Debug|Win32
		{9FDD5C9E-42B3-4D0F-BB18-9D26DE674B8D}.Release|x64.ActiveCfg = Release|x64
		{9FDD5C9E-42B3-4D0F-BB18-9D26DE674B8D}.Release|x64.Build.0 = Release|x64
		{9FDD5C9E-42B3-4D0F-BB18-9D26DE674B8D}.Release|x86.ActiveCfg = Release|Win32
		{9FDD5C9E-42B3-4D0F-BB18-9D26DE674B8D}.Release|x86.Build.0 = Release|Win32
	EndGlobalSection
	GlobalSection(SolutionProperties) = preSolution
		HideSolutionNode = FALSE
	EndGlobalSection
	GlobalSection(ExtensibilityGlobals) = postSolution
		SolutionGuid = {79B709BF-70A6-40B1-B933-DA65439A4EAA}
	EndGlobalSection
EndGlobal
