
Microsoft Visual Studio Solution File, Format Version 12.00
# Visual Studio Version 17
VisualStudioVersion = 17.0.31912.275
MinimumVisualStudioVersion = 10.0.40219.1
Project("{8BC9CEB8-8B4A-11D0-8D11-00A0C91BC942}") = "15_Vector_Ein_Ausgabe", "15_Vector_Ein_Ausgabe\15_Vector_Ein_Ausgabe.vcxproj", "{CB966185-9BCF-441D-995D-88F02431EDAD}"
EndProject
Global
	GlobalSection(SolutionConfigurationPlatforms) = preSolution
		Debug|x64 = Debug|x64
		Debug|x86 = Debug|x86
		Release|x64 = Release|x64
		Release|x86 = Release|x86
	EndGlobalSection
	GlobalSection(ProjectConfigurationPlatforms) = postSolution
		{CB966185-9BCF-441D-995D-88F02431EDAD}.Debug|x64.ActiveCfg = Debug|x64
		{CB966185-9BCF-441D-995D-88F02431EDAD}.Debug|x64.Build.0 = Debug|x64
		{CB966185-9BCF-441D-995D-88F02431EDAD}.Debug|x86.ActiveCfg = Debug|Win32
		{CB966185-9BCF-441D-995D-88F02431EDAD}.Debug|x86.Build.0 = Debug|Win32
		{CB966185-9BCF-441D-995D-88F02431EDAD}.Release|x64.ActiveCfg = Release|x64
		{CB966185-9BCF-441D-995D-88F02431EDAD}.Release|x64.Build.0 = Release|x64
		{CB966185-9BCF-441D-995D-88F02431EDAD}.Release|x86.ActiveCfg = Release|Win32
		{CB966185-9BCF-441D-995D-88F02431EDAD}.Release|x86.Build.0 = Release|Win32
	EndGlobalSection
	GlobalSection(SolutionProperties) = preSolution
		HideSolutionNode = FALSE
	EndGlobalSection
	GlobalSection(ExtensibilityGlobals) = postSolution
		SolutionGuid = {A9B349DB-9168-4C4C-8E59-71EEFE9F0EA6}
	EndGlobalSection
EndGlobal
