
Microsoft Visual Studio Solution File, Format Version 12.00
# Visual Studio Version 17
VisualStudioVersion = 17.7.34031.279
MinimumVisualStudioVersion = 10.0.40219.1
Project("{FAE04EC0-301F-11D3-BF4B-00C04F79EFBC}") = "02_Erste_Klasse", "02_Erste_Klasse\02_Erste_Klasse.csproj", "{72B9AD3D-2F91-4E54-AF15-F62766DB3987}"
EndProject
Global
	GlobalSection(SolutionConfigurationPlatforms) = preSolution
		Debug|Any CPU = Debug|Any CPU
		Release|Any CPU = Release|Any CPU
	EndGlobalSection
	GlobalSection(ProjectConfigurationPlatforms) = postSolution
		{72B9AD3D-2F91-4E54-AF15-F62766DB3987}.Debug|Any CPU.ActiveCfg = Debug|Any CPU
		{72B9AD3D-2F91-4E54-AF15-F62766DB3987}.Debug|Any CPU.Build.0 = Debug|Any CPU
		{72B9AD3D-2F91-4E54-AF15-F62766DB3987}.Release|Any CPU.ActiveCfg = Release|Any CPU
		{72B9AD3D-2F91-4E54-AF15-F62766DB3987}.Release|Any CPU.Build.0 = Release|Any CPU
	EndGlobalSection
	GlobalSection(SolutionProperties) = preSolution
		HideSolutionNode = FALSE
	EndGlobalSection
	GlobalSection(ExtensibilityGlobals) = postSolution
		SolutionGuid = {94410DCA-9321-4C33-A3B9-5E5EB75E6652}
	EndGlobalSection
EndGlobal
