
Microsoft Visual Studio Solution File, Format Version 12.00
# Visual Studio Version 17
VisualStudioVersion = 17.9.34728.123
MinimumVisualStudioVersion = 10.0.40219.1
Project("{FAE04EC0-301F-11D3-BF4B-00C04F79EFBC}") = "01_ArrayList_Einfuehrung", "01_ArrayList_Einfuehrung\01_ArrayList_Einfuehrung.csproj", "{1514DC9C-005F-4BE2-9C33-46698F9A233F}"
EndProject
Global
	GlobalSection(SolutionConfigurationPlatforms) = preSolution
		Debug|Any CPU = Debug|Any CPU
		Release|Any CPU = Release|Any CPU
	EndGlobalSection
	GlobalSection(ProjectConfigurationPlatforms) = postSolution
		{1514DC9C-005F-4BE2-9C33-46698F9A233F}.Debug|Any CPU.ActiveCfg = Debug|Any CPU
		{1514DC9C-005F-4BE2-9C33-46698F9A233F}.Debug|Any CPU.Build.0 = Debug|Any CPU
		{1514DC9C-005F-4BE2-9C33-46698F9A233F}.Release|Any CPU.ActiveCfg = Release|Any CPU
		{1514DC9C-005F-4BE2-9C33-46698F9A233F}.Release|Any CPU.Build.0 = Release|Any CPU
	EndGlobalSection
	GlobalSection(SolutionProperties) = preSolution
		HideSolutionNode = FALSE
	EndGlobalSection
	GlobalSection(ExtensibilityGlobals) = postSolution
		SolutionGuid = {EF4F2B4C-8F6C-48B6-A286-35B322D2D973}
	EndGlobalSection
EndGlobal
