
Microsoft Visual Studio Solution File, Format Version 12.00
# Visual Studio Version 17
VisualStudioVersion = 17.3.32901.215
MinimumVisualStudioVersion = 10.0.40219.1
Project("{FAE04EC0-301F-11D3-BF4B-00C04F79EFBC}") = "02_Lehrer_Schueler_Registrierung", "02_Lehrer_Schueler_Registrierung\02_Lehrer_Schueler_Registrierung.csproj", "{172B31D7-D739-46C8-90D3-A44449F10AB4}"
EndProject
Global
	GlobalSection(SolutionConfigurationPlatforms) = preSolution
		Debug|Any CPU = Debug|Any CPU
		Release|Any CPU = Release|Any CPU
	EndGlobalSection
	GlobalSection(ProjectConfigurationPlatforms) = postSolution
		{172B31D7-D739-46C8-90D3-A44449F10AB4}.Debug|Any CPU.ActiveCfg = Debug|Any CPU
		{172B31D7-D739-46C8-90D3-A44449F10AB4}.Debug|Any CPU.Build.0 = Debug|Any CPU
		{172B31D7-D739-46C8-90D3-A44449F10AB4}.Release|Any CPU.ActiveCfg = Release|Any CPU
		{172B31D7-D739-46C8-90D3-A44449F10AB4}.Release|Any CPU.Build.0 = Release|Any CPU
	EndGlobalSection
	GlobalSection(SolutionProperties) = preSolution
		HideSolutionNode = FALSE
	EndGlobalSection
	GlobalSection(ExtensibilityGlobals) = postSolution
		SolutionGuid = {AD80B34C-C2C1-4E31-8F44-B0A080BB63FE}
	EndGlobalSection
EndGlobal
